
Microsoft Visual Studio Solution File, Format Version 12.00
# Visual Studio Version 16
VisualStudioVersion = 16.0.31410.357
MinimumVisualStudioVersion = 10.0.40219.1
Project("{F184B08F-C81C-45F6-A57F-5ABD9991F28F}") = "SnakeGame VB", "SnakeGame VB.vbproj", "{3F9E1B46-2886-4922-9689-78F3328D9398}"
EndProject
Global
	GlobalSection(SolutionConfigurationPlatforms) = preSolution
		Debug|Any CPU = Debug|Any CPU
		Release|Any CPU = Release|Any CPU
	EndGlobalSection
	GlobalSection(ProjectConfigurationPlatforms) = postSolution
		{3F9E1B46-2886-4922-9689-78F3328D9398}.Debug|Any CPU.ActiveCfg = Release|Any CPU
		{3F9E1B46-2886-4922-9689-78F3328D9398}.Debug|Any CPU.Build.0 = Release|Any CPU
		{3F9E1B46-2886-4922-9689-78F3328D9398}.Release|Any CPU.ActiveCfg = Release|Any CPU
		{3F9E1B46-2886-4922-9689-78F3328D9398}.Release|Any CPU.Build.0 = Release|Any CPU
	EndGlobalSection
	GlobalSection(SolutionProperties) = preSolution
		HideSolutionNode = FALSE
	EndGlobalSection
	GlobalSection(ExtensibilityGlobals) = postSolution
		SolutionGuid = {02A99904-62D8-433A-90E2-D77137FFEEF2}
	EndGlobalSection
EndGlobal
